
Microsoft Visual Studio Solution File, Format Version 12.00
# Visual Studio Version 17
VisualStudioVersion = 17.12.35527.113
MinimumVisualStudioVersion = 10.0.40219.1
Project("{2150E333-8FDC-42A3-9474-1A3956D46DE8}") = "src", "src", "{19250F5E-AED2-478C-896D-F6DE422A16F4}"
EndProject
Project("{2150E333-8FDC-42A3-9474-1A3956D46DE8}") = "BuildingBlocks", "BuildingBlocks", "{694B947A-895B-483E-8E60-663625522FF2}"
EndProject
Project("{2150E333-8FDC-42A3-9474-1A3956D46DE8}") = "Services", "Services", "{1BC06206-9553-4201-9E20-4E192D6BDE13}"
EndProject
Project("{2150E333-8FDC-42A3-9474-1A3956D46DE8}") = "Base", "Base", "{C5CDFF82-D7FD-4477-954B-51B06F132D1F}"
EndProject
Project("{FAE04EC0-301F-11D3-BF4B-00C04F79EFBC}") = "Base.API", "src\Services\Base\Base.API\Base.API.csproj", "{4398328D-25BF-40F2-BF17-2FE251576AEB}"
EndProject
Project("{FAE04EC0-301F-11D3-BF4B-00C04F79EFBC}") = "Base.Infrastructure", "src\Services\Base\Base.Infrastructure\Base.Infrastructure.csproj", "{DAEF52FE-CC89-4519-9A09-54D957D53AA8}"
EndProject
Project("{FAE04EC0-301F-11D3-BF4B-00C04F79EFBC}") = "Base.Domain", "src\Services\Base\Base.Domain\Base.Domain.csproj", "{5C8F46D8-0A3E-4009-B429-A700883AC310}"
EndProject
Project("{FAE04EC0-301F-11D3-BF4B-00C04F79EFBC}") = "Base.Application", "src\Services\Base\Base.Application\Base.Application.csproj", "{8FCC4985-556F-4E1E-9B3B-9E9A7E1D8AB7}"
EndProject
Project("{FAE04EC0-301F-11D3-BF4B-00C04F79EFBC}") = "Logging", "src\BuildingBlocks\Logging\Logging.csproj", "{1C3B7DBA-46F8-46F3-B4D7-377A7D3B1E10}"
EndProject
Project("{FAE04EC0-301F-11D3-BF4B-00C04F79EFBC}") = "Contracts", "src\BuildingBlocks\Contracts\Contracts.csproj", "{2D9D1800-6F51-4AEC-AC93-AA2990179C56}"
EndProject
Project("{FAE04EC0-301F-11D3-BF4B-00C04F79EFBC}") = "Shared", "src\BuildingBlocks\Shared\Shared.csproj", "{504C0163-579D-4E72-B632-C9B3B3E5AF30}"
EndProject
Project("{2150E333-8FDC-42A3-9474-1A3956D46DE8}") = "ApiGateways", "ApiGateways", "{8586D700-60C1-4BC7-87D8-95565C803D2B}"
EndProject
Project("{2150E333-8FDC-42A3-9474-1A3956D46DE8}") = "Generate", "Generate", "{A5B2886A-5D17-4E5E-B8E5-6A13BD100F81}"
EndProject
Project("{FAE04EC0-301F-11D3-BF4B-00C04F79EFBC}") = "Generate.Domain", "src\Services\Generate\Generate.Domain\Generate.Domain.csproj", "{88FAAE24-C5B5-417F-803E-BA6948555471}"
EndProject
Project("{FAE04EC0-301F-11D3-BF4B-00C04F79EFBC}") = "Generate.Infrastructure", "src\Services\Generate\Generate.Infrastructure\Generate.Infrastructure.csproj", "{8B15DCCE-F994-4F91-97DC-29935693A522}"
EndProject
Project("{FAE04EC0-301F-11D3-BF4B-00C04F79EFBC}") = "Generate.Application", "src\Services\Generate\Generate.Application\Generate.Application.csproj", "{7F3814BA-D78F-4207-BAF9-91698C99DF06}"
EndProject
Project("{FAE04EC0-301F-11D3-BF4B-00C04F79EFBC}") = "Generate.API", "src\Services\Generate\Generate.API\Generate.API.csproj", "{25A51AC3-E7ED-44B7-B91E-0CAEA6EBF252}"
EndProject
Project("{FAE04EC0-301F-11D3-BF4B-00C04F79EFBC}") = "Infrastructure", "src\BuildingBlocks\Infrastructure\Infrastructure.csproj", "{C6AE0C3A-6370-45F9-B0AA-6A9960782180}"
EndProject
Project("{FAE04EC0-301F-11D3-BF4B-00C04F79EFBC}") = "ApiGateway", "src\ApiGateways\ApiGateway\ApiGateway.csproj", "{7C8D8D0F-7007-4EE1-8394-B090610E8B48}"
EndProject
Project("{2150E333-8FDC-42A3-9474-1A3956D46DE8}") = "infra", "infra", "{FA4A07AE-28F4-400C-929E-1F330E13469D}"
	ProjectSection(SolutionItems) = preProject
		infra\.env = infra\.env
		infra\README.md = infra\README.md
	EndProjectSection
EndProject
Project("{2150E333-8FDC-42A3-9474-1A3956D46DE8}") = "auth", "auth", "{0352E79F-2E9C-4680-8624-7BCD7894A76E}"
	ProjectSection(SolutionItems) = preProject
		infra\auth\keycloak.yml = infra\auth\keycloak.yml
	EndProjectSection
EndProject
Project("{2150E333-8FDC-42A3-9474-1A3956D46DE8}") = "database", "database", "{736597A6-6489-4EC2-A4B2-96F8C663D40C}"
	ProjectSection(SolutionItems) = preProject
		infra\database\mysql.yml = infra\database\mysql.yml
		infra\database\postgresql.yml = infra\database\postgresql.yml
	EndProjectSection
EndProject
Project("{2150E333-8FDC-42A3-9474-1A3956D46DE8}") = "cache", "cache", "{BDE9540A-DE1E-4775-B319-1316AF0C8031}"
	ProjectSection(SolutionItems) = preProject
		infra\cache\redis.yml = infra\cache\redis.yml
	EndProjectSection
EndProject
Project("{2150E333-8FDC-42A3-9474-1A3956D46DE8}") = "message-bus", "message-bus", "{3ECAA966-C44B-439D-A0D0-A27770898442}"
	ProjectSection(SolutionItems) = preProject
		infra\message-bus\rabbitmq.yml = infra\message-bus\rabbitmq.yml
	EndProjectSection
EndProject
Project("{2150E333-8FDC-42A3-9474-1A3956D46DE8}") = "monitoring", "monitoring", "{49993D7B-53A0-40AA-947C-803C3479C3A4}"
	ProjectSection(SolutionItems) = preProject
		infra\monitoring\elastic-search.yml = infra\monitoring\elastic-search.yml
	EndProjectSection
EndProject
Project("{2150E333-8FDC-42A3-9474-1A3956D46DE8}") = "services", "services", "{9C2E8E1E-3671-4C3B-A8F9-7D45C2F8F72C}"
	ProjectSection(SolutionItems) = preProject
		infra\services\api-gateway.yml = infra\services\api-gateway.yml
		infra\services\base-api.yml = infra\services\base-api.yml
		infra\services\generate-api.yml = infra\services\generate-api.yml
	EndProjectSection
EndProject
Global
	GlobalSection(SolutionConfigurationPlatforms) = preSolution
		Debug|Any CPU = Debug|Any CPU
		Release|Any CPU = Release|Any CPU
	EndGlobalSection
	GlobalSection(ProjectConfigurationPlatforms) = postSolution
		{4398328D-25BF-40F2-BF17-2FE251576AEB}.Debug|Any CPU.ActiveCfg = Debug|Any CPU
		{4398328D-25BF-40F2-BF17-2FE251576AEB}.Debug|Any CPU.Build.0 = Debug|Any CPU
		{4398328D-25BF-40F2-BF17-2FE251576AEB}.Release|Any CPU.ActiveCfg = Release|Any CPU
		{4398328D-25BF-40F2-BF17-2FE251576AEB}.Release|Any CPU.Build.0 = Release|Any CPU
		{DAEF52FE-CC89-4519-9A09-54D957D53AA8}.Debug|Any CPU.ActiveCfg = Debug|Any CPU
		{DAEF52FE-CC89-4519-9A09-54D957D53AA8}.Debug|Any CPU.Build.0 = Debug|Any CPU
		{DAEF52FE-CC89-4519-9A09-54D957D53AA8}.Release|Any CPU.ActiveCfg = Release|Any CPU
		{DAEF52FE-CC89-4519-9A09-54D957D53AA8}.Release|Any CPU.Build.0 = Release|Any CPU
		{5C8F46D8-0A3E-4009-B429-A700883AC310}.Debug|Any CPU.ActiveCfg = Debug|Any CPU
		{5C8F46D8-0A3E-4009-B429-A700883AC310}.Debug|Any CPU.Build.0 = Debug|Any CPU
		{5C8F46D8-0A3E-4009-B429-A700883AC310}.Release|Any CPU.ActiveCfg = Release|Any CPU
		{5C8F46D8-0A3E-4009-B429-A700883AC310}.Release|Any CPU.Build.0 = Release|Any CPU
		{8FCC4985-556F-4E1E-9B3B-9E9A7E1D8AB7}.Debug|Any CPU.ActiveCfg = Debug|Any CPU
		{8FCC4985-556F-4E1E-9B3B-9E9A7E1D8AB7}.Debug|Any CPU.Build.0 = Debug|Any CPU
		{8FCC4985-556F-4E1E-9B3B-9E9A7E1D8AB7}.Release|Any CPU.ActiveCfg = Release|Any CPU
		{8FCC4985-556F-4E1E-9B3B-9E9A7E1D8AB7}.Release|Any CPU.Build.0 = Release|Any CPU
		{1C3B7DBA-46F8-46F3-B4D7-377A7D3B1E10}.Debug|Any CPU.ActiveCfg = Debug|Any CPU
		{1C3B7DBA-46F8-46F3-B4D7-377A7D3B1E10}.Debug|Any CPU.Build.0 = Debug|Any CPU
		{1C3B7DBA-46F8-46F3-B4D7-377A7D3B1E10}.Release|Any CPU.ActiveCfg = Release|Any CPU
		{1C3B7DBA-46F8-46F3-B4D7-377A7D3B1E10}.Release|Any CPU.Build.0 = Release|Any CPU
		{2D9D1800-6F51-4AEC-AC93-AA2990179C56}.Debug|Any CPU.ActiveCfg = Debug|Any CPU
		{2D9D1800-6F51-4AEC-AC93-AA2990179C56}.Debug|Any CPU.Build.0 = Debug|Any CPU
		{2D9D1800-6F51-4AEC-AC93-AA2990179C56}.Release|Any CPU.ActiveCfg = Release|Any CPU
		{2D9D1800-6F51-4AEC-AC93-AA2990179C56}.Release|Any CPU.Build.0 = Release|Any CPU
		{504C0163-579D-4E72-B632-C9B3B3E5AF30}.Debug|Any CPU.ActiveCfg = Debug|Any CPU
		{504C0163-579D-4E72-B632-C9B3B3E5AF30}.Debug|Any CPU.Build.0 = Debug|Any CPU
		{504C0163-579D-4E72-B632-C9B3B3E5AF30}.Release|Any CPU.ActiveCfg = Release|Any CPU
		{504C0163-579D-4E72-B632-C9B3B3E5AF30}.Release|Any CPU.Build.0 = Release|Any CPU
		{88FAAE24-C5B5-417F-803E-BA6948555471}.Debug|Any CPU.ActiveCfg = Debug|Any CPU
		{88FAAE24-C5B5-417F-803E-BA6948555471}.Debug|Any CPU.Build.0 = Debug|Any CPU
		{88FAAE24-C5B5-417F-803E-BA6948555471}.Release|Any CPU.ActiveCfg = Release|Any CPU
		{88FAAE24-C5B5-417F-803E-BA6948555471}.Release|Any CPU.Build.0 = Release|Any CPU
		{8B15DCCE-F994-4F91-97DC-29935693A522}.Debug|Any CPU.ActiveCfg = Debug|Any CPU
		{8B15DCCE-F994-4F91-97DC-29935693A522}.Debug|Any CPU.Build.0 = Debug|Any CPU
		{8B15DCCE-F994-4F91-97DC-29935693A522}.Release|Any CPU.ActiveCfg = Release|Any CPU
		{8B15DCCE-F994-4F91-97DC-29935693A522}.Release|Any CPU.Build.0 = Release|Any CPU
		{7F3814BA-D78F-4207-BAF9-91698C99DF06}.Debug|Any CPU.ActiveCfg = Debug|Any CPU
		{7F3814BA-D78F-4207-BAF9-91698C99DF06}.Debug|Any CPU.Build.0 = Debug|Any CPU
		{7F3814BA-D78F-4207-BAF9-91698C99DF06}.Release|Any CPU.ActiveCfg = Release|Any CPU
		{7F3814BA-D78F-4207-BAF9-91698C99DF06}.Release|Any CPU.Build.0 = Release|Any CPU
		{25A51AC3-E7ED-44B7-B91E-0CAEA6EBF252}.Debug|Any CPU.ActiveCfg = Debug|Any CPU
		{25A51AC3-E7ED-44B7-B91E-0CAEA6EBF252}.Debug|Any CPU.Build.0 = Debug|Any CPU
		{25A51AC3-E7ED-44B7-B91E-0CAEA6EBF252}.Release|Any CPU.ActiveCfg = Release|Any CPU
		{25A51AC3-E7ED-44B7-B91E-0CAEA6EBF252}.Release|Any CPU.Build.0 = Release|Any CPU
		{C6AE0C3A-6370-45F9-B0AA-6A9960782180}.Debug|Any CPU.ActiveCfg = Debug|Any CPU
		{C6AE0C3A-6370-45F9-B0AA-6A9960782180}.Debug|Any CPU.Build.0 = Debug|Any CPU
		{C6AE0C3A-6370-45F9-B0AA-6A9960782180}.Release|Any CPU.ActiveCfg = Release|Any CPU
		{C6AE0C3A-6370-45F9-B0AA-6A9960782180}.Release|Any CPU.Build.0 = Release|Any CPU
		{7C8D8D0F-7007-4EE1-8394-B090610E8B48}.Debug|Any CPU.ActiveCfg = Debug|Any CPU
		{7C8D8D0F-7007-4EE1-8394-B090610E8B48}.Debug|Any CPU.Build.0 = Debug|Any CPU
		{7C8D8D0F-7007-4EE1-8394-B090610E8B48}.Release|Any CPU.ActiveCfg = Release|Any CPU
		{7C8D8D0F-7007-4EE1-8394-B090610E8B48}.Release|Any CPU.Build.0 = Release|Any CPU
	EndGlobalSection
	GlobalSection(SolutionProperties) = preSolution
		HideSolutionNode = FALSE
	EndGlobalSection
	GlobalSection(NestedProjects) = preSolution
		{694B947A-895B-483E-8E60-663625522FF2} = {19250F5E-AED2-478C-896D-F6DE422A16F4}
		{1BC06206-9553-4201-9E20-4E192D6BDE13} = {19250F5E-AED2-478C-896D-F6DE422A16F4}
		{C5CDFF82-D7FD-4477-954B-51B06F132D1F} = {1BC06206-9553-4201-9E20-4E192D6BDE13}
		{4398328D-25BF-40F2-BF17-2FE251576AEB} = {C5CDFF82-D7FD-4477-954B-51B06F132D1F}
		{DAEF52FE-CC89-4519-9A09-54D957D53AA8} = {C5CDFF82-D7FD-4477-954B-51B06F132D1F}
		{5C8F46D8-0A3E-4009-B429-A700883AC310} = {C5CDFF82-D7FD-4477-954B-51B06F132D1F}
		{8FCC4985-556F-4E1E-9B3B-9E9A7E1D8AB7} = {C5CDFF82-D7FD-4477-954B-51B06F132D1F}
		{1C3B7DBA-46F8-46F3-B4D7-377A7D3B1E10} = {694B947A-895B-483E-8E60-663625522FF2}
		{2D9D1800-6F51-4AEC-AC93-AA2990179C56} = {694B947A-895B-483E-8E60-663625522FF2}
		{504C0163-579D-4E72-B632-C9B3B3E5AF30} = {694B947A-895B-483E-8E60-663625522FF2}
		{8586D700-60C1-4BC7-87D8-95565C803D2B} = {19250F5E-AED2-478C-896D-F6DE422A16F4}
		{A5B2886A-5D17-4E5E-B8E5-6A13BD100F81} = {1BC06206-9553-4201-9E20-4E192D6BDE13}
		{88FAAE24-C5B5-417F-803E-BA6948555471} = {A5B2886A-5D17-4E5E-B8E5-6A13BD100F81}
		{8B15DCCE-F994-4F91-97DC-29935693A522} = {A5B2886A-5D17-4E5E-B8E5-6A13BD100F81}
		{7F3814BA-D78F-4207-BAF9-91698C99DF06} = {A5B2886A-5D17-4E5E-B8E5-6A13BD100F81}
		{25A51AC3-E7ED-44B7-B91E-0CAEA6EBF252} = {A5B2886A-5D17-4E5E-B8E5-6A13BD100F81}
		{C6AE0C3A-6370-45F9-B0AA-6A9960782180} = {694B947A-895B-483E-8E60-663625522FF2}
		{7C8D8D0F-7007-4EE1-8394-B090610E8B48} = {8586D700-60C1-4BC7-87D8-95565C803D2B}
		{0352E79F-2E9C-4680-8624-7BCD7894A76E} = {FA4A07AE-28F4-400C-929E-1F330E13469D}
		{736597A6-6489-4EC2-A4B2-96F8C663D40C} = {FA4A07AE-28F4-400C-929E-1F330E13469D}
		{BDE9540A-DE1E-4775-B319-1316AF0C8031} = {FA4A07AE-28F4-400C-929E-1F330E13469D}
		{3ECAA966-C44B-439D-A0D0-A27770898442} = {FA4A07AE-28F4-400C-929E-1F330E13469D}
		{49993D7B-53A0-40AA-947C-803C3479C3A4} = {FA4A07AE-28F4-400C-929E-1F330E13469D}
		{9C2E8E1E-3671-4C3B-A8F9-7D45C2F8F72C} = {FA4A07AE-28F4-400C-929E-1F330E13469D}
	EndGlobalSection
EndGlobal
